// !$*UTF8*$!
{
	archiveVersion = 1;
	classes = {
	};
	objectVersion = 50;
	objects = {

/* Begin PBXBuildFile section */
		9434663023EDCC4700E28B69 /* AppDelegate.swift in Sources */ = {isa = PBXBuildFile; fileRef = 9434662F23EDCC4700E28B69 /* AppDelegate.swift */; };
		9434663223EDCC4700E28B69 /* SceneDelegate.swift in Sources */ = {isa = PBXBuildFile; fileRef = 9434663123EDCC4700E28B69 /* SceneDelegate.swift */; };
		9434663423EDCC4700E28B69 /* ViewController.swift in Sources */ = {isa = PBXBuildFile; fileRef = 9434663323EDCC4700E28B69 /* ViewController.swift */; };
		9434663723EDCC4700E28B69 /* Main.storyboard in Resources */ = {isa = PBXBuildFile; fileRef = 9434663523EDCC4700E28B69 /* Main.storyboard */; };
		9434663A23EDCC4700E28B69 /* MyCounter.xcdatamodeld in Sources */ = {isa = PBXBuildFile; fileRef = 9434663823EDCC4700E28B69 /* MyCounter.xcdatamodeld */; };
		9434663C23EDCC4900E28B69 /* Assets.xcassets in Resources */ = {isa = PBXBuildFile; fileRef = 9434663B23EDCC4900E28B69 /* Assets.xcassets */; };
		9434663F23EDCC4900E28B69 /* LaunchScreen.storyboard in Resources */ = {isa = PBXBuildFile; fileRef = 9434663D23EDCC4900E28B69 /* LaunchScreen.storyboard */; };
		9434664A23EDCC4900E28B69 /* MyCounterTests.swift in Sources */ = {isa = PBXBuildFile; fileRef = 9434664923EDCC4900E28B69 /* MyCounterTests.swift */; };
		9434665523EDCC4900E28B69 /* MyCounterUITests.swift in Sources */ = {isa = PBXBuildFile; fileRef = 9434665423EDCC4900E28B69 /* MyCounterUITests.swift */; };
/* End PBXBuildFile section */

/* Begin PBXContainerItemProxy section */
		9434664623EDCC4900E28B69 /* PBXContainerItemProxy */ = {
			isa = PBXContainerItemProxy;
			containerPortal = 9434662423EDCC4700E28B69 /* Project object */;
			proxyType = 1;
			remoteGlobalIDString = 9434662B23EDCC4700E28B69;
			remoteInfo = MyCounter;
		};
		9434665123EDCC4900E28B69 /* PBXContainerItemProxy */ = {
			isa = PBXContainerItemProxy;
			containerPortal = 9434662423EDCC4700E28B69 /* Project object */;
			proxyType = 1;
			remoteGlobalIDString = 9434662B23EDCC4700E28B69;
			remoteInfo = MyCounter;
		};
/* End PBXContainerItemProxy section */

/* Begin PBXFileReference section */
		9434662C23EDCC4700E28B69 /* MyCounter.app */ = {isa = PBXFileReference; explicitFileType = wrapper.application; includeInIndex = 0; path = MyCounter.app; sourceTree = BUILT_PRODUCTS_DIR; };
		9434662F23EDCC4700E28B69 /* AppDelegate.swift */ = {isa = PBXFileReference; lastKnownFileType = sourcecode.swift; path = AppDelegate.swift; sourceTree = "<group>"; };
		9434663123EDCC4700E28B69 /* SceneDelegate.swift */ = {isa = PBXFileReference; lastKnownFileType = sourcecode.swift; path = SceneDelegate.swift; sourceTree = "<group>"; };
		9434663323EDCC4700E28B69 /* ViewController.swift */ = {isa = PBXFileReference; lastKnownFileType = sourcecode.swift; path = ViewController.swift; sourceTree = "<group>"; };
		9434663623EDCC4700E28B69 /* Base */ = {isa = PBXFileReference; lastKnownFileType = file.storyboard; name = Base; path = Base.lproj/Main.storyboard; sourceTree = "<group>"; };
		9434663923EDCC4700E28B69 /* MyCounter.xcdatamodel */ = {isa = PBXFileReference; lastKnownFileType = wrapper.xcdatamodel; path = MyCounter.xcdatamodel; sourceTree = "<group>"; };
		9434663B23EDCC4900E28B69 /* Assets.xcassets */ = {isa = PBXFileReference; lastKnownFileType = folder.assetcatalog; path = Assets.xcassets; sourceTree = "<group>"; };
		9434663E23EDCC4900E28B69 /* Base */ = {isa = PBXFileReference; lastKnownFileType = file.storyboard; name = Base; path = Base.lproj/LaunchScreen.storyboard; sourceTree = "<group>"; };
		9434664023EDCC4900E28B69 /* Info.plist */ = {isa = PBXFileReference; lastKnownFileType = text.plist.xml; path = Info.plist; sourceTree = "<group>"; };
		9434664523EDCC4900E28B69 /* MyCounterTests.xctest */ = {isa = PBXFileReference; explicitFileType = wrapper.cfbundle; includeInIndex = 0; path = MyCounterTests.xctest; sourceTree = BUILT_PRODUCTS_DIR; };
		9434664923EDCC4900E28B69 /* MyCounterTests.swift */ = {isa = PBXFileReference; lastKnownFileType = sourcecode.swift; path = MyCounterTests.swift; sourceTree = "<group>"; };
		9434664B23EDCC4900E28B69 /* Info.plist */ = {isa = PBXFileReference; lastKnownFileType = text.plist.xml; path = Info.plist; sourceTree = "<group>"; };
		9434665023EDCC4900E28B69 /* MyCounterUITests.xctest */ = {isa = PBXFileReference; explicitFileType = wrapper.cfbundle; includeInIndex = 0; path = MyCounterUITests.xctest; sourceTree = BUILT_PRODUCTS_DIR; };
		9434665423EDCC4900E28B69 /* MyCounterUITests.swift */ = {isa = PBXFileReference; lastKnownFileType = sourcecode.swift; path = MyCounterUITests.swift; sourceTree = "<group>"; };
		9434665623EDCC4900E28B69 /* Info.plist */ = {isa = PBXFileReference; lastKnownFileType = text.plist.xml; path = Info.plist; sourceTree = "<group>"; };
/* End PBXFileReference section */

/* Begin PBXFrameworksBuildPhase section */
		9434662923EDCC4700E28B69 /* Frameworks */ = {
			isa = PBXFrameworksBuildPhase;
			buildActionMask = 2147483647;
			files = (
			);
			runOnlyForDeploymentPostprocessing = 0;
		};
		9434664223EDCC4900E28B69 /* Frameworks */ = {
			isa = PBXFrameworksBuildPhase;
			buildActionMask = 2147483647;
			files = (
			);
			runOnlyForDeploymentPostprocessing = 0;
		};
		9434664D23EDCC4900E28B69 /* Frameworks */ = {
			isa = PBXFrameworksBuildPhase;
			buildActionMask = 2147483647;
			files = (
			);
			runOnlyForDeploymentPostprocessing = 0;
		};
/* End PBXFrameworksBuildPhase section */

/* Begin PBXGroup section */
		9434662323EDCC4700E28B69 = {
			isa = PBXGroup;
			children = (
				9434662E23EDCC4700E28B69 /* MyCounter */,
				9434664823EDCC4900E28B69 /* MyCounterTests */,
				9434665323EDCC4900E28B69 /* MyCounterUITests */,
				9434662D23EDCC4700E28B69 /* Products */,
			);
			sourceTree = "<group>";
		};
		9434662D23EDCC4700E28B69 /* Products */ = {
			isa = PBXGroup;
			children = (
				9434662C23EDCC4700E28B69 /* MyCounter.app */,
				9434664523EDCC4900E28B69 /* MyCounterTests.xctest */,
				9434665023EDCC4900E28B69 /* MyCounterUITests.xctest */,
			);
			name = Products;
			sourceTree = "<group>";
		};
		9434662E23EDCC4700E28B69 /* MyCounter */ = {
			isa = PBXGroup;
			children = (
				9434662F23EDCC4700E28B69 /* AppDelegate.swift */,
				9434663123EDCC4700E28B69 /* SceneDelegate.swift */,
				9434663323EDCC4700E28B69 /* ViewController.swift */,
				9434663523EDCC4700E28B69 /* Main.storyboard */,
				9434663B23EDCC4900E28B69 /* Assets.xcassets */,
				9434663D23EDCC4900E28B69 /* LaunchScreen.storyboard */,
				9434664023EDCC4900E28B69 /* Info.plist */,
				9434663823EDCC4700E28B69 /* MyCounter.xcdatamodeld */,
			);
			path = MyCounter;
			sourceTree = "<group>";
		};
		9434664823EDCC4900E28B69 /* MyCounterTests */ = {
			isa = PBXGroup;
			children = (
				9434664923EDCC4900E28B69 /* MyCounterTests.swift */,
				9434664B23EDCC4900E28B69 /* Info.plist */,
			);
			path = MyCounterTests;
			sourceTree = "<group>";
		};
		9434665323EDCC4900E28B69 /* MyCounterUITests */ = {
			isa = PBXGroup;
			children = (
				9434665423EDCC4900E28B69 /* MyCounterUITests.swift */,
				9434665623EDCC4900E28B69 /* Info.plist */,
			);
			path = MyCounterUITests;
			sourceTree = "<group>";
		};
/* End PBXGroup section */

/* Begin PBXNativeTarget section */
		9434662B23EDCC4700E28B69 /* MyCounter */ = {
			isa = PBXNativeTarget;
			buildConfigurationList = 9434665923EDCC4900E28B69 /* Build configuration list for PBXNativeTarget "MyCounter" */;
			buildPhases = (
				9434662823EDCC4700E28B69 /* Sources */,
				9434662923EDCC4700E28B69 /* Frameworks */,
				9434662A23EDCC4700E28B69 /* Resources */,
			);
			buildRules = (
			);
			dependencies = (
			);
			name = MyCounter;
			productName = MyCounter;
			productReference = 9434662C23EDCC4700E28B69 /* MyCounter.app */;
			productType = "com.apple.product-type.application";
		};
		9434664423EDCC4900E28B69 /* MyCounterTests */ = {
			isa = PBXNativeTarget;
			buildConfigurationList = 9434665C23EDCC4900E28B69 /* Build configuration list for PBXNativeTarget "MyCounterTests" */;
			buildPhases = (
				9434664123EDCC4900E28B69 /* Sources */,
				9434664223EDCC4900E28B69 /* Frameworks */,
				9434664323EDCC4900E28B69 /* Resources */,
			);
			buildRules = (
			);
			dependencies = (
				9434664723EDCC4900E28B69 /* PBXTargetDependency */,
			);
			name = MyCounterTests;
			productName = MyCounterTests;
			productReference = 9434664523EDCC4900E28B69 /* MyCounterTests.xctest */;
			productType = "com.apple.product-type.bundle.unit-test";
		};
		9434664F23EDCC4900E28B69 /* MyCounterUITests */ = {
			isa = PBXNativeTarget;
			buildConfigurationList = 9434665F23EDCC4900E28B69 /* Build configuration list for PBXNativeTarget "MyCounterUITests" */;
			buildPhases = (
				9434664C23EDCC4900E28B69 /* Sources */,
				9434664D23EDCC4900E28B69 /* Frameworks */,
				9434664E23EDCC4900E28B69 /* Resources */,
			);
			buildRules = (
			);
			dependencies = (
				9434665223EDCC4900E28B69 /* PBXTargetDependency */,
			);
			name = MyCounterUITests;
			productName = MyCounterUITests;
			productReference = 9434665023EDCC4900E28B69 /* MyCounterUITests.xctest */;
			productType = "com.apple.product-type.bundle.ui-testing";
		};
/* End PBXNativeTarget section */

/* Begin PBXProject section */
		9434662423EDCC4700E28B69 /* Project object */ = {
			isa = PBXProject;
			attributes = {
				LastSwiftUpdateCheck = 1120;
				LastUpgradeCheck = 1120;
				ORGANIZATIONNAME = mega;
				TargetAttributes = {
					9434662B23EDCC4700E28B69 = {
						CreatedOnToolsVersion = 11.2.1;
					};
					9434664423EDCC4900E28B69 = {
						CreatedOnToolsVersion = 11.2.1;
						TestTargetID = 9434662B23EDCC4700E28B69;
					};
					9434664F23EDCC4900E28B69 = {
						CreatedOnToolsVersion = 11.2.1;
						TestTargetID = 9434662B23EDCC4700E28B69;
					};
				};
			};
			buildConfigurationList = 9434662723EDCC4700E28B69 /* Build configuration list for PBXProject "MyCounter" */;
			compatibilityVersion = "Xcode 9.3";
			developmentRegion = en;
			hasScannedForEncodings = 0;
			knownRegions = (
				en,
				Base,
			);
			mainGroup = 9434662323EDCC4700E28B69;
			productRefGroup = 9434662D23EDCC4700E28B69 /* Products */;
			projectDirPath = "";
			projectRoot = "";
			targets = (
				9434662B23EDCC4700E28B69 /* MyCounter */,
				9434664423EDCC4900E28B69 /* MyCounterTests */,
				9434664F23EDCC4900E28B69 /* MyCounterUITests */,
			);
		};
/* End PBXProject section */

/* Begin PBXResourcesBuildPhase section */
		9434662A23EDCC4700E28B69 /* Resources */ = {
			isa = PBXResourcesBuildPhase;
			buildActionMask = 2147483647;
			files = (
				9434663F23EDCC4900E28B69 /* LaunchScreen.storyboard in Resources */,
				9434663C23EDCC4900E28B69 /* Assets.xcassets in Resources */,
				9434663723EDCC4700E28B69 /* Main.storyboard in Resources */,
			);
			runOnlyForDeploymentPostprocessing = 0;
		};
		9434664323EDCC4900E28B69 /* Resources */ = {
			isa = PBXResourcesBuildPhase;
			buildActionMask = 2147483647;
			files = (
			);
			runOnlyForDeploymentPostprocessing = 0;
		};
		9434664E23EDCC4900E28B69 /* Resources */ = {
			isa = PBXResourcesBuildPhase;
			buildActionMask = 2147483647;
			files = (
			);
			runOnlyForDeploymentPostprocessing = 0;
		};
/* End PBXResourcesBuildPhase section */

/* Begin PBXSourcesBuildPhase section */
		9434662823EDCC4700E28B69 /* Sources */ = {
			isa = PBXSourcesBuildPhase;
			buildActionMask = 2147483647;
			files = (
				9434663A23EDCC4700E28B69 /* MyCounter.xcdatamodeld in Sources */,
				9434663423EDCC4700E28B69 /* ViewController.swift in Sources */,
				9434663023EDCC4700E28B69 /* AppDelegate.swift in Sources */,
				9434663223EDCC4700E28B69 /* SceneDelegate.swift in Sources */,
			);
			runOnlyForDeploymentPostprocessing = 0;
		};
		9434664123EDCC4900E28B69 /* Sources */ = {
			isa = PBXSourcesBuildPhase;
			buildActionMask = 2147483647;
			files = (
				9434664A23EDCC4900E28B69 /* MyCounterTests.swift in Sources */,
			);
			runOnlyForDeploymentPostprocessing = 0;
		};
		9434664C23EDCC4900E28B69 /* Sources */ = {
			isa = PBXSourcesBuildPhase;
			buildActionMask = 2147483647;
			files = (
				9434665523EDCC4900E28B69 /* MyCounterUITests.swift in Sources */,
			);
			runOnlyForDeploymentPostprocessing = 0;
		};
/* End PBXSourcesBuildPhase section */

/* Begin PBXTargetDependency section */
		9434664723EDCC4900E28B69 /* PBXTargetDependency */ = {
			isa = PBXTargetDependency;
			target = 9434662B23EDCC4700E28B69 /* MyCounter */;
			targetProxy = 9434664623EDCC4900E28B69 /* PBXContainerItemProxy */;
		};
		9434665223EDCC4900E28B69 /* PBXTargetDependency */ = {
			isa = PBXTargetDependency;
			target = 9434662B23EDCC4700E28B69 /* MyCounter */;
			targetProxy = 9434665123EDCC4900E28B69 /* PBXContainerItemProxy */;
		};
/* End PBXTargetDependency section */

/* Begin PBXVariantGroup section */
		9434663523EDCC4700E28B69 /* Main.storyboard */ = {
			isa = PBXVariantGroup;
			children = (
				9434663623EDCC4700E28B69 /* Base */,
			);
			name = Main.storyboard;
			sourceTree = "<group>";
		};
		9434663D23EDCC4900E28B69 /* LaunchScreen.storyboard */ = {
			isa = PBXVariantGroup;
			children = (
				9434663E23EDCC4900E28B69 /* Base */,
			);
			name = LaunchScreen.storyboard;
			sourceTree = "<group>";
		};
/* End PBXVariantGroup section */

/* Begin XCBuildConfiguration section */
		9434665723EDCC4900E28B69 /* Debug */ = {
			isa = XCBuildConfiguration;
			buildSettings = {
				ALWAYS_SEARCH_USER_PATHS = NO;
				CLANG_ANALYZER_NONNULL = YES;
				CLANG_ANALYZER_NUMBER_OBJECT_CONVERSION = YES_AGGRESSIVE;
				CLANG_CXX_LANGUAGE_STANDARD = "gnu++14";
				CLANG_CXX_LIBRARY = "libc++";
				CLANG_ENABLE_MODULES = YES;
				CLANG_ENABLE_OBJC_ARC = YES;
				CLANG_ENABLE_OBJC_WEAK = YES;
				CLANG_WARN_BLOCK_CAPTURE_AUTORELEASING = YES;
				CLANG_WARN_BOOL_CONVERSION = YES;
				CLANG_WARN_COMMA = YES;
				CLANG_WARN_CONSTANT_CONVERSION = YES;
				CLANG_WARN_DEPRECATED_OBJC_IMPLEMENTATIONS = YES;
				CLANG_WARN_DIRECT_OBJC_ISA_USAGE = YES_ERROR;
				CLANG_WARN_DOCUMENTATION_COMMENTS = YES;
				CLANG_WARN_EMPTY_BODY = YES;
				CLANG_WARN_ENUM_CONVERSION = YES;
				CLANG_WARN_INFINITE_RECURSION = YES;
				CLANG_WARN_INT_CONVERSION = YES;
				CLANG_WARN_NON_LITERAL_NULL_CONVERSION = YES;
				CLANG_WARN_OBJC_IMPLICIT_RETAIN_SELF = YES;
				CLANG_WARN_OBJC_LITERAL_CONVERSION = YES;
				CLANG_WARN_OBJC_ROOT_CLASS = YES_ERROR;
				CLANG_WARN_RANGE_LOOP_ANALYSIS = YES;
				CLANG_WARN_STRICT_PROTOTYPES = YES;
				CLANG_WARN_SUSPICIOUS_MOVE = YES;
				CLANG_WARN_UNGUARDED_AVAILABILITY = YES_AGGRESSIVE;
				CLANG_WARN_UNREACHABLE_CODE = YES;
				CLANG_WARN__DUPLICATE_METHOD_MATCH = YES;
				COPY_PHASE_STRIP = NO;
				DEBUG_INFORMATION_FORMAT = dwarf;
				ENABLE_STRICT_OBJC_MSGSEND = YES;
				ENABLE_TESTABILITY = YES;
				GCC_C_LANGUAGE_STANDARD = gnu11;
				GCC_DYNAMIC_NO_PIC = NO;
				GCC_NO_COMMON_BLOCKS = YES;
				GCC_OPTIMIZATION_LEVEL = 0;
				GCC_PREPROCESSOR_DEFINITIONS = (
					"DEBUG=1",
					"$(inherited)",
				);
				GCC_WARN_64_TO_32_BIT_CONVERSION = YES;
				GCC_WARN_ABOUT_RETURN_TYPE = YES_ERROR;
				GCC_WARN_UNDECLARED_SELECTOR = YES;
				GCC_WARN_UNINITIALIZED_AUTOS = YES_AGGRESSIVE;
				GCC_WARN_UNUSED_FUNCTION = YES;
				GCC_WARN_UNUSED_VARIABLE = YES;
				IPHONEOS_DEPLOYMENT_TARGET = 13.2;
				MTL_ENABLE_DEBUG_INFO = INCLUDE_SOURCE;
				MTL_FAST_MATH = YES;
				ONLY_ACTIVE_ARCH = YES;
				SDKROOT = iphoneos;
				SWIFT_ACTIVE_COMPILATION_CONDITIONS = DEBUG;
				SWIFT_OPTIMIZATION_LEVEL = "-Onone";
			};
			name = Debug;
		};
		9434665823EDCC4900E28B69 /* Release */ = {
			isa = XCBuildConfiguration;
			buildSettings = {
				ALWAYS_SEARCH_USER_PATHS = NO;
				CLANG_ANALYZER_NONNULL = YES;
				CLANG_ANALYZER_NUMBER_OBJECT_CONVERSION = YES_AGGRESSIVE;
				CLANG_CXX_LANGUAGE_STANDARD = "gnu++14";
				CLANG_CXX_LIBRARY = "libc++";
				CLANG_ENABLE_MODULES = YES;
				CLANG_ENABLE_OBJC_ARC = YES;
				CLANG_ENABLE_OBJC_WEAK = YES;
				CLANG_WARN_BLOCK_CAPTURE_AUTORELEASING = YES;
				CLANG_WARN_BOOL_CONVERSION = YES;
				CLANG_WARN_COMMA = YES;
				CLANG_WARN_CONSTANT_CONVERSION = YES;
				CLANG_WARN_DEPRECATED_OBJC_IMPLEMENTATIONS = YES;
				CLANG_WARN_DIRECT_OBJC_ISA_USAGE = YES_ERROR;
				CLANG_WARN_DOCUMENTATION_COMMENTS = YES;
				CLANG_WARN_EMPTY_BODY = YES;
				CLANG_WARN_ENUM_CONVERSION = YES;
				CLANG_WARN_INFINITE_RECURSION = YES;
				CLANG_WARN_INT_CONVERSION = YES;
				CLANG_WARN_NON_LITERAL_NULL_CONVERSION = YES;
				CLANG_WARN_OBJC_IMPLICIT_RETAIN_SELF = YES;
				CLANG_WARN_OBJC_LITERAL_CONVERSION = YES;
				CLANG_WARN_OBJC_ROOT_CLASS = YES_ERROR;
				CLANG_WARN_RANGE_LOOP_ANALYSIS = YES;
				CLANG_WARN_STRICT_PROTOTYPES = YES;
				CLANG_WARN_SUSPICIOUS_MOVE = YES;
				CLANG_WARN_UNGUARDED_AVAILABILITY = YES_AGGRESSIVE;
				CLANG_WARN_UNREACHABLE_CODE = YES;
				CLANG_WARN__DUPLICATE_METHOD_MATCH = YES;
				COPY_PHASE_STRIP = NO;
				DEBUG_INFORMATION_FORMAT = "dwarf-with-dsym";
				ENABLE_NS_ASSERTIONS = NO;
				ENABLE_STRICT_OBJC_MSGSEND = YES;
				GCC_C_LANGUAGE_STANDARD = gnu11;
				GCC_NO_COMMON_BLOCKS = YES;
				GCC_WARN_64_TO_32_BIT_CONVERSION = YES;
				GCC_WARN_ABOUT_RETURN_TYPE = YES_ERROR;
				GCC_WARN_UNDECLARED_SELECTOR = YES;
				GCC_WARN_UNINITIALIZED_AUTOS = YES_AGGRESSIVE;
				GCC_WARN_UNUSED_FUNCTION = YES;
				GCC_WARN_UNUSED_VARIABLE = YES;
				IPHONEOS_DEPLOYMENT_TARGET = 13.2;
				MTL_ENABLE_DEBUG_INFO = NO;
				MTL_FAST_MATH = YES;
				SDKROOT = iphoneos;
				SWIFT_COMPILATION_MODE = wholemodule;
				SWIFT_OPTIMIZATION_LEVEL = "-O";
				VALIDATE_PRODUCT = YES;
			};
			name = Release;
		};
		9434665A23EDCC4900E28B69 /* Debug */ = {
			isa = XCBuildConfiguration;
			buildSettings = {
				ASSETCATALOG_COMPILER_APPICON_NAME = AppIcon;
				CODE_SIGN_STYLE = Automatic;
				DEVELOPMENT_TEAM = G5YGUKALMP;
				INFOPLIST_FILE = MyCounter/Info.plist;
				LD_RUNPATH_SEARCH_PATHS = (
					"$(inherited)",
					"@executable_path/Frameworks",
				);
				PRODUCT_BUNDLE_IDENTIFIER = com.test.MyCounter;
				PRODUCT_NAME = "$(TARGET_NAME)";
				SWIFT_VERSION = 5.0;
				TARGETED_DEVICE_FAMILY = "1,2";
			};
			name = Debug;
		};
		9434665B23EDCC4900E28B69 /* Release */ = {
			isa = XCBuildConfiguration;
			buildSettings = {
				ASSETCATALOG_COMPILER_APPICON_NAME = AppIcon;
				CODE_SIGN_STYLE = Automatic;
				DEVELOPMENT_TEAM = G5YGUKALMP;
				INFOPLIST_FILE = MyCounter/Info.plist;
				LD_RUNPATH_SEARCH_PATHS = (
					"$(inherited)",
					"@executable_path/Frameworks",
				);
				PRODUCT_BUNDLE_IDENTIFIER = com.test.MyCounter;
				PRODUCT_NAME = "$(TARGET_NAME)";
				SWIFT_VERSION = 5.0;
				TARGETED_DEVICE_FAMILY = "1,2";
			};
			name = Release;
		};
		9434665D23EDCC4900E28B69 /* Debug */ = {
			isa = XCBuildConfiguration;
			buildSettings = {
				ALWAYS_EMBED_SWIFT_STANDARD_LIBRARIES = YES;
				BUNDLE_LOADER = "$(TEST_HOST)";
				CODE_SIGN_STYLE = Automatic;
				DEVELOPMENT_TEAM = G5YGUKALMP;
				INFOPLIST_FILE = MyCounterTests/Info.plist;
				IPHONEOS_DEPLOYMENT_TARGET = 13.2;
				LD_RUNPATH_SEARCH_PATHS = (
					"$(inherited)",
					"@executable_path/Frameworks",
					"@loader_path/Frameworks",
				);
				PRODUCT_BUNDLE_IDENTIFIER = com.test.MyCounterTests;
				PRODUCT_NAME = "$(TARGET_NAME)";
				SWIFT_VERSION = 5.0;
				TARGETED_DEVICE_FAMILY = "1,2";
				TEST_HOST = "$(BUILT_PRODUCTS_DIR)/MyCounter.app/MyCounter";
			};
			name = Debug;
		};
		9434665E23EDCC4900E28B69 /* Release */ = {
			isa = XCBuildConfiguration;
			buildSettings = {
				ALWAYS_EMBED_SWIFT_STANDARD_LIBRARIES = YES;
				BUNDLE_LOADER = "$(TEST_HOST)";
				CODE_SIGN_STYLE = Automatic;
				DEVELOPMENT_TEAM = G5YGUKALMP;
				INFOPLIST_FILE = MyCounterTests/Info.plist;
				IPHONEOS_DEPLOYMENT_TARGET = 13.2;
				LD_RUNPATH_SEARCH_PATHS = (
					"$(inherited)",
					"@executable_path/Frameworks",
					"@loader_path/Frameworks",
				);
				PRODUCT_BUNDLE_IDENTIFIER = com.test.MyCounterTests;
				PRODUCT_NAME = "$(TARGET_NAME)";
				SWIFT_VERSION = 5.0;
				TARGETED_DEVICE_FAMILY = "1,2";
				TEST_HOST = "$(BUILT_PRODUCTS_DIR)/MyCounter.app/MyCounter";
			};
			name = Release;
		};
		9434666023EDCC4900E28B69 /* Debug */ = {
			isa = XCBuildConfiguration;
			buildSettings = {
				ALWAYS_EMBED_SWIFT_STANDARD_LIBRARIES = YES;
				CODE_SIGN_STYLE = Automatic;
				DEVELOPMENT_TEAM = G5YGUKALMP;
				INFOPLIST_FILE = MyCounterUITests/Info.plist;
				LD_RUNPATH_SEARCH_PATHS = (
					"$(inherited)",
					"@executable_path/Frameworks",
					"@loader_path/Frameworks",
				);
				PRODUCT_BUNDLE_IDENTIFIER = com.test.MyCounterUITests;
				PRODUCT_NAME = "$(TARGET_NAME)";
				SWIFT_VERSION = 5.0;
				TARGETED_DEVICE_FAMILY = "1,2";
				TEST_TARGET_NAME = MyCounter;
			};
			name = Debug;
		};
		9434666123EDCC4900E28B69 /* Release */ = {
			isa = XCBuildConfiguration;
			buildSettings = {
				ALWAYS_EMBED_SWIFT_STANDARD_LIBRARIES = YES;
				CODE_SIGN_STYLE = Automatic;
				DEVELOPMENT_TEAM = G5YGUKALMP;
				INFOPLIST_FILE = MyCounterUITests/Info.plist;
				LD_RUNPATH_SEARCH_PATHS = (
					"$(inherited)",
					"@executable_path/Frameworks",
					"@loader_path/Frameworks",
				);
				PRODUCT_BUNDLE_IDENTIFIER = com.test.MyCounterUITests;
				PRODUCT_NAME = "$(TARGET_NAME)";
				SWIFT_VERSION = 5.0;
				TARGETED_DEVICE_FAMILY = "1,2";
				TEST_TARGET_NAME = MyCounter;
			};
			name = Release;
		};
/* End XCBuildConfiguration section */

/* Begin XCConfigurationList section */
		9434662723EDCC4700E28B69 /* Build configuration list for PBXProject "MyCounter" */ = {
			isa = XCConfigurationList;
			buildConfigurations = (
				9434665723EDCC4900E28B69 /* Debug */,
				9434665823EDCC4900E28B69 /* Release */,
			);
			defaultConfigurationIsVisible = 0;
			defaultConfigurationName = Release;
		};
		9434665923EDCC4900E28B69 /* Build configuration list for PBXNativeTarget "MyCounter" */ = {
			isa = XCConfigurationList;
			buildConfigurations = (
				9434665A23EDCC4900E28B69 /* Debug */,
				9434665B23EDCC4900E28B69 /* Release */,
			);
			defaultConfigurationIsVisible = 0;
			defaultConfigurationName = Release;
		};
		9434665C23EDCC4900E28B69 /* Build configuration list for PBXNativeTarget "MyCounterTests" */ = {
			isa = XCConfigurationList;
			buildConfigurations = (
				9434665D23EDCC4900E28B69 /* Debug */,
				9434665E23EDCC4900E28B69 /* Release */,
			);
			defaultConfigurationIsVisible = 0;
			defaultConfigurationName = Release;
		};
		9434665F23EDCC4900E28B69 /* Build configuration list for PBXNativeTarget "MyCounterUITests" */ = {
			isa = XCConfigurationList;
			buildConfigurations = (
				9434666023EDCC4900E28B69 /* Debug */,
				9434666123EDCC4900E28B69 /* Release */,
			);
			defaultConfigurationIsVisible = 0;
			defaultConfigurationName = Release;
		};
/* End XCConfigurationList section */

/* Begin XCVersionGroup section */
		9434663823EDCC4700E28B69 /* MyCounter.xcdatamodeld */ = {
			isa = XCVersionGroup;
			children = (
				9434663923EDCC4700E28B69 /* MyCounter.xcdatamodel */,
			);
			currentVersion = 9434663923EDCC4700E28B69 /* MyCounter.xcdatamodel */;
			path = MyCounter.xcdatamodeld;
			sourceTree = "<group>";
			versionGroupType = wrapper.xcdatamodel;
		};
/* End XCVersionGroup section */
	};
	rootObject = 9434662423EDCC4700E28B69 /* Project object */;
}
